
Microsoft Visual Studio Solution File, Format Version 12.00
# Visual Studio Version 17
VisualStudioVersion = 17.2.32616.157
MinimumVisualStudioVersion = 10.0.40219.1
Project("{FAE04EC0-301F-11D3-BF4B-00C04F79EFBC}") = "BlazorAutenticacion.Server", "BlazorAutenticacion\Server\BlazorAutenticacion.Server.csproj", "{B5FCE330-46BB-4F11-9EA6-34F732238C55}"
EndProject
Project("{FAE04EC0-301F-11D3-BF4B-00C04F79EFBC}") = "BlazorAutenticacion.Client", "BlazorAutenticacion\Client\BlazorAutenticacion.Client.csproj", "{CDE1315E-B2DC-475A-A3C5-68A53FD41C8D}"
EndProject
Project("{FAE04EC0-301F-11D3-BF4B-00C04F79EFBC}") = "BlazorAutenticacion.Shared", "BlazorAutenticacion\Shared\BlazorAutenticacion.Shared.csproj", "{F8A98FA6-FC28-452C-BAB7-2387EB5CBA57}"
EndProject
Global
	GlobalSection(SolutionConfigurationPlatforms) = preSolution
		Debug|Any CPU = Debug|Any CPU
		Release|Any CPU = Release|Any CPU
	EndGlobalSection
	GlobalSection(ProjectConfigurationPlatforms) = postSolution
		{B5FCE330-46BB-4F11-9EA6-34F732238C55}.Debug|Any CPU.ActiveCfg = Debug|Any CPU
		{B5FCE330-46BB-4F11-9EA6-34F732238C55}.Debug|Any CPU.Build.0 = Debug|Any CPU
		{B5FCE330-46BB-4F11-9EA6-34F732238C55}.Release|Any CPU.ActiveCfg = Release|Any CPU
		{B5FCE330-46BB-4F11-9EA6-34F732238C55}.Release|Any CPU.Build.0 = Release|Any CPU
		{CDE1315E-B2DC-475A-A3C5-68A53FD41C8D}.Debug|Any CPU.ActiveCfg = Debug|Any CPU
		{CDE1315E-B2DC-475A-A3C5-68A53FD41C8D}.Debug|Any CPU.Build.0 = Debug|Any CPU
		{CDE1315E-B2DC-475A-A3C5-68A53FD41C8D}.Release|Any CPU.ActiveCfg = Release|Any CPU
		{CDE1315E-B2DC-475A-A3C5-68A53FD41C8D}.Release|Any CPU.Build.0 = Release|Any CPU
		{F8A98FA6-FC28-452C-BAB7-2387EB5CBA57}.Debug|Any CPU.ActiveCfg = Debug|Any CPU
		{F8A98FA6-FC28-452C-BAB7-2387EB5CBA57}.Debug|Any CPU.Build.0 = Debug|Any CPU
		{F8A98FA6-FC28-452C-BAB7-2387EB5CBA57}.Release|Any CPU.ActiveCfg = Release|Any CPU
		{F8A98FA6-FC28-452C-BAB7-2387EB5CBA57}.Release|Any CPU.Build.0 = Release|Any CPU
	EndGlobalSection
	GlobalSection(SolutionProperties) = preSolution
		HideSolutionNode = FALSE
	EndGlobalSection
	GlobalSection(ExtensibilityGlobals) = postSolution
		SolutionGuid = {AFDED62D-D515-4674-963D-66BCECE7D57D}
	EndGlobalSection
EndGlobal
